
Microsoft Visual Studio Solution File, Format Version 12.00
# Visual Studio Version 16
VisualStudioVersion = 16.0.30104.148
MinimumVisualStudioVersion = 10.0.40219.1
Project("{FAE04EC0-301F-11D3-BF4B-00C04F79EFBC}") = "RPGFramework", "RPGFramework\RPGFramework.csproj", "{6BAF2F8B-BC24-4A89-901E-B99DEBF6B0CF}"
EndProject
Global
	GlobalSection(SolutionConfigurationPlatforms) = preSolution
		Debug|Any CPU = Debug|Any CPU
		Release|Any CPU = Release|Any CPU
	EndGlobalSection
	GlobalSection(ProjectConfigurationPlatforms) = postSolution
		{6BAF2F8B-BC24-4A89-901E-B99DEBF6B0CF}.Debug|Any CPU.ActiveCfg = Debug|Any CPU
		{6BAF2F8B-BC24-4A89-901E-B99DEBF6B0CF}.Debug|Any CPU.Build.0 = Debug|Any CPU
		{6BAF2F8B-BC24-4A89-901E-B99DEBF6B0CF}.Release|Any CPU.ActiveCfg = Release|Any CPU
		{6BAF2F8B-BC24-4A89-901E-B99DEBF6B0CF}.Release|Any CPU.Build.0 = Release|Any CPU
	EndGlobalSection
	GlobalSection(SolutionProperties) = preSolution
		HideSolutionNode = FALSE
	EndGlobalSection
	GlobalSection(ExtensibilityGlobals) = postSolution
		SolutionGuid = {2259ECD0-17DA-406D-A63E-E14B05A387ED}
	EndGlobalSection
EndGlobal
